
Microsoft Visual Studio Solution File, Format Version 12.00
# Visual Studio Version 16
VisualStudioVersion = 16.0.33423.256
MinimumVisualStudioVersion = 10.0.40219.1
Project("{FAE04EC0-301F-11D3-BF4B-00C04F79EFBC}") = "Task3", "Task3\Task3.csproj", "{D926B0E8-8C6C-457D-BE6F-488DCFC5BD4C}"
EndProject
Global
	GlobalSection(SolutionConfigurationPlatforms) = preSolution
		Debug|Any CPU = Debug|Any CPU
		Release|Any CPU = Release|Any CPU
	EndGlobalSection
	GlobalSection(ProjectConfigurationPlatforms) = postSolution
		{D926B0E8-8C6C-457D-BE6F-488DCFC5BD4C}.Debug|Any CPU.ActiveCfg = Debug|Any CPU
		{D926B0E8-8C6C-457D-BE6F-488DCFC5BD4C}.Debug|Any CPU.Build.0 = Debug|Any CPU
		{D926B0E8-8C6C-457D-BE6F-488DCFC5BD4C}.Release|Any CPU.ActiveCfg = Release|Any CPU
		{D926B0E8-8C6C-457D-BE6F-488DCFC5BD4C}.Release|Any CPU.Build.0 = Release|Any CPU
	EndGlobalSection
	GlobalSection(SolutionProperties) = preSolution
		HideSolutionNode = FALSE
	EndGlobalSection
	GlobalSection(ExtensibilityGlobals) = postSolution
		SolutionGuid = {AD7511A7-74D1-4118-B9CA-BA679C9C0E9E}
	EndGlobalSection
EndGlobal
