
Microsoft Visual Studio Solution File, Format Version 12.00
# Visual Studio Version 16
VisualStudioVersion = 16.0.33423.256
MinimumVisualStudioVersion = 10.0.40219.1
Project("{FAE04EC0-301F-11D3-BF4B-00C04F79EFBC}") = "UAMSTask4", "UAMSTask4\UAMSTask4.csproj", "{FA973CAC-36E8-402C-841C-45DE0223D633}"
EndProject
Global
	GlobalSection(SolutionConfigurationPlatforms) = preSolution
		Debug|Any CPU = Debug|Any CPU
		Release|Any CPU = Release|Any CPU
	EndGlobalSection
	GlobalSection(ProjectConfigurationPlatforms) = postSolution
		{FA973CAC-36E8-402C-841C-45DE0223D633}.Debug|Any CPU.ActiveCfg = Debug|Any CPU
		{FA973CAC-36E8-402C-841C-45DE0223D633}.Debug|Any CPU.Build.0 = Debug|Any CPU
		{FA973CAC-36E8-402C-841C-45DE0223D633}.Release|Any CPU.ActiveCfg = Release|Any CPU
		{FA973CAC-36E8-402C-841C-45DE0223D633}.Release|Any CPU.Build.0 = Release|Any CPU
	EndGlobalSection
	GlobalSection(SolutionProperties) = preSolution
		HideSolutionNode = FALSE
	EndGlobalSection
	GlobalSection(ExtensibilityGlobals) = postSolution
		SolutionGuid = {0B7FDF2C-AEA7-4D51-ADE1-25A67F37011D}
	EndGlobalSection
EndGlobal
