
Microsoft Visual Studio Solution File, Format Version 12.00
# Visual Studio Version 16
VisualStudioVersion = 16.0.33423.256
MinimumVisualStudioVersion = 10.0.40219.1
Project("{FAE04EC0-301F-11D3-BF4B-00C04F79EFBC}") = "GameProject", "GameProject\GameProject.csproj", "{BEC635B8-0160-4A42-87D2-B164ADB42453}"
EndProject
Global
	GlobalSection(SolutionConfigurationPlatforms) = preSolution
		Debug|Any CPU = Debug|Any CPU
		Release|Any CPU = Release|Any CPU
	EndGlobalSection
	GlobalSection(ProjectConfigurationPlatforms) = postSolution
		{BEC635B8-0160-4A42-87D2-B164ADB42453}.Debug|Any CPU.ActiveCfg = Debug|Any CPU
		{BEC635B8-0160-4A42-87D2-B164ADB42453}.Debug|Any CPU.Build.0 = Debug|Any CPU
		{BEC635B8-0160-4A42-87D2-B164ADB42453}.Release|Any CPU.ActiveCfg = Release|Any CPU
		{BEC635B8-0160-4A42-87D2-B164ADB42453}.Release|Any CPU.Build.0 = Release|Any CPU
	EndGlobalSection
	GlobalSection(SolutionProperties) = preSolution
		HideSolutionNode = FALSE
	EndGlobalSection
	GlobalSection(ExtensibilityGlobals) = postSolution
		SolutionGuid = {EE4A7FD7-AB90-42BA-B33C-D5A863E6A0C6}
	EndGlobalSection
EndGlobal
