
Microsoft Visual Studio Solution File, Format Version 12.00
# Visual Studio Version 16
VisualStudioVersion = 16.0.33423.256
MinimumVisualStudioVersion = 10.0.40219.1
Project("{FAE04EC0-301F-11D3-BF4B-00C04F79EFBC}") = "OOPLab3", "OOPLab3\OOPLab3.csproj", "{8EDEB1A0-E9BF-4482-BAA2-2AC8C7C334F2}"
EndProject
Global
	GlobalSection(SolutionConfigurationPlatforms) = preSolution
		Debug|Any CPU = Debug|Any CPU
		Release|Any CPU = Release|Any CPU
	EndGlobalSection
	GlobalSection(ProjectConfigurationPlatforms) = postSolution
		{8EDEB1A0-E9BF-4482-BAA2-2AC8C7C334F2}.Debug|Any CPU.ActiveCfg = Debug|Any CPU
		{8EDEB1A0-E9BF-4482-BAA2-2AC8C7C334F2}.Debug|Any CPU.Build.0 = Debug|Any CPU
		{8EDEB1A0-E9BF-4482-BAA2-2AC8C7C334F2}.Release|Any CPU.ActiveCfg = Release|Any CPU
		{8EDEB1A0-E9BF-4482-BAA2-2AC8C7C334F2}.Release|Any CPU.Build.0 = Release|Any CPU
	EndGlobalSection
	GlobalSection(SolutionProperties) = preSolution
		HideSolutionNode = FALSE
	EndGlobalSection
	GlobalSection(ExtensibilityGlobals) = postSolution
		SolutionGuid = {E35A6081-AC1E-41A0-B046-B275AF04ECBE}
	EndGlobalSection
EndGlobal
