
Microsoft Visual Studio Solution File, Format Version 12.00
# Visual Studio Version 16
VisualStudioVersion = 16.0.33423.256
MinimumVisualStudioVersion = 10.0.40219.1
Project("{FAE04EC0-301F-11D3-BF4B-00C04F79EFBC}") = "Week 06 Lab Manual", "Week 06 Lab Manual\Week 06 Lab Manual.csproj", "{B026B8D2-B306-4268-8951-85D73A7E7AAB}"
EndProject
Global
	GlobalSection(SolutionConfigurationPlatforms) = preSolution
		Debug|Any CPU = Debug|Any CPU
		Release|Any CPU = Release|Any CPU
	EndGlobalSection
	GlobalSection(ProjectConfigurationPlatforms) = postSolution
		{B026B8D2-B306-4268-8951-85D73A7E7AAB}.Debug|Any CPU.ActiveCfg = Debug|Any CPU
		{B026B8D2-B306-4268-8951-85D73A7E7AAB}.Debug|Any CPU.Build.0 = Debug|Any CPU
		{B026B8D2-B306-4268-8951-85D73A7E7AAB}.Release|Any CPU.ActiveCfg = Release|Any CPU
		{B026B8D2-B306-4268-8951-85D73A7E7AAB}.Release|Any CPU.Build.0 = Release|Any CPU
	EndGlobalSection
	GlobalSection(SolutionProperties) = preSolution
		HideSolutionNode = FALSE
	EndGlobalSection
	GlobalSection(ExtensibilityGlobals) = postSolution
		SolutionGuid = {65B98985-7442-46AA-BCC1-305A70D959D4}
	EndGlobalSection
EndGlobal
