
Microsoft Visual Studio Solution File, Format Version 12.00
# Visual Studio Version 16
VisualStudioVersion = 16.0.33423.256
MinimumVisualStudioVersion = 10.0.40219.1
Project("{FAE04EC0-301F-11D3-BF4B-00C04F79EFBC}") = "Game", "Game\Game.csproj", "{34617503-F46F-48B2-A12F-E28697D50271}"
EndProject
Global
	GlobalSection(SolutionConfigurationPlatforms) = preSolution
		Debug|Any CPU = Debug|Any CPU
		Release|Any CPU = Release|Any CPU
	EndGlobalSection
	GlobalSection(ProjectConfigurationPlatforms) = postSolution
		{34617503-F46F-48B2-A12F-E28697D50271}.Debug|Any CPU.ActiveCfg = Debug|Any CPU
		{34617503-F46F-48B2-A12F-E28697D50271}.Debug|Any CPU.Build.0 = Debug|Any CPU
		{34617503-F46F-48B2-A12F-E28697D50271}.Release|Any CPU.ActiveCfg = Release|Any CPU
		{34617503-F46F-48B2-A12F-E28697D50271}.Release|Any CPU.Build.0 = Release|Any CPU
	EndGlobalSection
	GlobalSection(SolutionProperties) = preSolution
		HideSolutionNode = FALSE
	EndGlobalSection
	GlobalSection(ExtensibilityGlobals) = postSolution
		SolutionGuid = {702D6CC0-2596-4D15-B672-3F53D4CB59F3}
	EndGlobalSection
EndGlobal
